{
  "nodes": {
    "nixpkgs": {
      "locked": {
        "lastModified": 1658644204,
        "narHash": "sha256-MWyfCH9K3eVTXJUxBi67OQSAh9jJAnvWklM6qm4j8w8=",
        "owner": "NixOS",
        "repo": "nixpkgs",
        "rev": "2f0c3be57c348f4cfd8820f2d189e29a685d9c41",
        "type": "github"
      },
      "original": {
        "id": "nixpkgs",
        "type": "indirect"
      }
    },
    "nosys": {
      "locked": {
        "lastModified": 0,
        "narHash": "sha256-BknMF5c0D0XghBIyFpqJ12VX2FzVrGtTe0+HLrB36E4=",
        "path": "../.",
        "type": "path"
      },
      "original": {
        "path": "../.",
        "type": "path"
      }
    },
    "root": {
      "inputs": {
        "nixpkgs": "nixpkgs",
        "nosys": "nosys",
        "systems": "systems"
      }
    },
    "systems": {
      "flake": false,
      "locked": {
        "lastModified": 1,
        "narHash": "sha256-4UCfLMxAeGNJiUoJIdMQRx+I5ivP/b8N5FFJ1xlK3Hg=",
        "path": "./flake/systems.nix",
        "type": "path"
      },
      "original": {
        "path": "./flake/systems.nix",
        "type": "path"
      }
    }
  },
  "root": "root",
  "version": 7
}
